
Microsoft Visual Studio Solution File, Format Version 12.00
# Visual Studio Version 16
VisualStudioVersion = 16.0.31605.320
MinimumVisualStudioVersion = 10.0.40219.1
Project("{FAE04EC0-301F-11D3-BF4B-00C04F79EFBC}") = "LmjHotelWebApplication", "LmjHotelWebApplication\LmjHotelWebApplication.csproj", "{EFEA471F-EA6E-400E-AF3F-C3F09F88E578}"
EndProject
Global
	GlobalSection(SolutionConfigurationPlatforms) = preSolution
		Debug|Any CPU = Debug|Any CPU
		Release|Any CPU = Release|Any CPU
	EndGlobalSection
	GlobalSection(ProjectConfigurationPlatforms) = postSolution
		{EFEA471F-EA6E-400E-AF3F-C3F09F88E578}.Debug|Any CPU.ActiveCfg = Debug|Any CPU
		{EFEA471F-EA6E-400E-AF3F-C3F09F88E578}.Debug|Any CPU.Build.0 = Debug|Any CPU
		{EFEA471F-EA6E-400E-AF3F-C3F09F88E578}.Release|Any CPU.ActiveCfg = Release|Any CPU
		{EFEA471F-EA6E-400E-AF3F-C3F09F88E578}.Release|Any CPU.Build.0 = Release|Any CPU
	EndGlobalSection
	GlobalSection(SolutionProperties) = preSolution
		HideSolutionNode = FALSE
	EndGlobalSection
	GlobalSection(ExtensibilityGlobals) = postSolution
		SolutionGuid = {20758ADE-2C84-4491-B3C0-0D1226F3782E}
	EndGlobalSection
EndGlobal
